{
  "originHash" : "b149cb633e44dd6e7232e7106032b1499063af47efdfc0b32a21a62864300998",
  "pins" : [
    {
      "identity" : "yubikit-swift",
      "kind" : "remoteSourceControl",
      "location" : "https://github.com/Yubico/yubikit-swift.git",
      "state" : {
        "revision" : "f5a01653ec07530ffd300a02fc9818aa1298f13e",
        "version" : "1.3.0"
      }
    }
  ],
  "version" : 3
}
